{
  "requires": true,
  "lockfileVersion": 1,
  "dependencies": {
    "@stencil/store": {
      "version": "1.4.1",
      "resolved": "https://registry.npmjs.org/@stencil/store/-/store-1.4.1.tgz",
      "integrity": "sha512-kAtMblucNnDNfTpSqhN9jccExgFWmOe+4U98cXZJrg/6nozNtEd92pY6s3Jko7KUrZ+1MQJU2oLwwS8VuyK3Zg==",
      "dev": true
    }
  }
}
